
Microsoft Visual Studio Solution File, Format Version 12.00
# Visual Studio Version 16
VisualStudioVersion = 16.0.30804.86
MinimumVisualStudioVersion = 10.0.40219.1
Project("{FAE04EC0-301F-11D3-BF4B-00C04F79EFBC}") = "PizzaWebsite", "PizzaWebsite\PizzaWebsite.csproj", "{09A8870E-669D-4302-BC17-0770D97406C6}"
EndProject
Project("{FAE04EC0-301F-11D3-BF4B-00C04F79EFBC}") = "PizzaWebsite.Tests", "PizzaWebsite.Tests\PizzaWebsite.Tests.csproj", "{704BBE00-F0F4-425D-98B9-FEC536091127}"
EndProject
Project("{FAE04EC0-301F-11D3-BF4B-00C04F79EFBC}") = "DataLibrary", "DataLibrary\DataLibrary.csproj", "{BA703D85-3BEE-450B-91A8-5A813E0109CE}"
EndProject
Project("{00D1A9C2-B5F0-4AF3-8072-F6C62B433612}") = "PizzaDatabase", "PizzaDatabase\PizzaDatabase.sqlproj", "{2BCB215C-396E-4691-AA17-986E92A65919}"
EndProject
Project("{FAE04EC0-301F-11D3-BF4B-00C04F79EFBC}") = "PizzaWebsite2", "PizzaWebsite2\PizzaWebsite2.csproj", "{88DD38A4-9A53-4150-A94B-95C1B4573E2C}"
EndProject
Global
	GlobalSection(SolutionConfigurationPlatforms) = preSolution
		Debug|Any CPU = Debug|Any CPU
		Release|Any CPU = Release|Any CPU
	EndGlobalSection
	GlobalSection(ProjectConfigurationPlatforms) = postSolution
		{09A8870E-669D-4302-BC17-0770D97406C6}.Debug|Any CPU.ActiveCfg = Debug|Any CPU
		{09A8870E-669D-4302-BC17-0770D97406C6}.Debug|Any CPU.Build.0 = Debug|Any CPU
		{09A8870E-669D-4302-BC17-0770D97406C6}.Release|Any CPU.ActiveCfg = Release|Any CPU
		{09A8870E-669D-4302-BC17-0770D97406C6}.Release|Any CPU.Build.0 = Release|Any CPU
		{704BBE00-F0F4-425D-98B9-FEC536091127}.Debug|Any CPU.ActiveCfg = Debug|Any CPU
		{704BBE00-F0F4-425D-98B9-FEC536091127}.Debug|Any CPU.Build.0 = Debug|Any CPU
		{704BBE00-F0F4-425D-98B9-FEC536091127}.Release|Any CPU.ActiveCfg = Release|Any CPU
		{704BBE00-F0F4-425D-98B9-FEC536091127}.Release|Any CPU.Build.0 = Release|Any CPU
		{BA703D85-3BEE-450B-91A8-5A813E0109CE}.Debug|Any CPU.ActiveCfg = Debug|Any CPU
		{BA703D85-3BEE-450B-91A8-5A813E0109CE}.Debug|Any CPU.Build.0 = Debug|Any CPU
		{BA703D85-3BEE-450B-91A8-5A813E0109CE}.Release|Any CPU.ActiveCfg = Release|Any CPU
		{BA703D85-3BEE-450B-91A8-5A813E0109CE}.Release|Any CPU.Build.0 = Release|Any CPU
		{2BCB215C-396E-4691-AA17-986E92A65919}.Debug|Any CPU.ActiveCfg = Debug|Any CPU
		{2BCB215C-396E-4691-AA17-986E92A65919}.Debug|Any CPU.Build.0 = Debug|Any CPU
		{2BCB215C-396E-4691-AA17-986E92A65919}.Debug|Any CPU.Deploy.0 = Debug|Any CPU
		{2BCB215C-396E-4691-AA17-986E92A65919}.Release|Any CPU.ActiveCfg = Release|Any CPU
		{2BCB215C-396E-4691-AA17-986E92A65919}.Release|Any CPU.Build.0 = Release|Any CPU
		{2BCB215C-396E-4691-AA17-986E92A65919}.Release|Any CPU.Deploy.0 = Release|Any CPU
		{88DD38A4-9A53-4150-A94B-95C1B4573E2C}.Debug|Any CPU.ActiveCfg = Debug|Any CPU
		{88DD38A4-9A53-4150-A94B-95C1B4573E2C}.Debug|Any CPU.Build.0 = Debug|Any CPU
		{88DD38A4-9A53-4150-A94B-95C1B4573E2C}.Release|Any CPU.ActiveCfg = Release|Any CPU
		{88DD38A4-9A53-4150-A94B-95C1B4573E2C}.Release|Any CPU.Build.0 = Release|Any CPU
	EndGlobalSection
	GlobalSection(SolutionProperties) = preSolution
		HideSolutionNode = FALSE
	EndGlobalSection
	GlobalSection(ExtensibilityGlobals) = postSolution
		SolutionGuid = {8E82A48C-4524-4DAB-8C83-A1A3B9A6F850}
	EndGlobalSection
EndGlobal
